
Microsoft Visual Studio Solution File, Format Version 12.00
# Visual Studio Version 17
Project("{2150E333-8FDC-42A3-9474-1A3956D46DE8}") = "CMakePredefinedTargets", "CMakePredefinedTargets", "{10F12341-E4DD-3FA5-9BDF-C370A70AD5D8}"
EndProject
Project("{8BC9CEB8-8B4A-11D0-8D11-00A0C91BC942}") = "CSC8503", "CSC8503\CSC8503.vcxproj", "{B6F72BCA-A92D-3E46-8C7E-CFD85EE2BB52}"
	ProjectSection(ProjectDependencies) = postProject
		{CD93579E-CD2E-30AE-BAAD-AB4BF0ACD636} = {CD93579E-CD2E-30AE-BAAD-AB4BF0ACD636}
		{4C3A0999-DAF3-324F-BA03-50E2B5CB9889} = {4C3A0999-DAF3-324F-BA03-50E2B5CB9889}
		{8F946655-D6C7-3B84-A541-2BE02A9E436A} = {8F946655-D6C7-3B84-A541-2BE02A9E436A}
		{2CA6FB99-1469-352B-B0F4-BD978F8D128C} = {2CA6FB99-1469-352B-B0F4-BD978F8D128C}
	EndProjectSection
EndProject
Project("{8BC9CEB8-8B4A-11D0-8D11-00A0C91BC942}") = "ALL_BUILD", "ALL_BUILD.vcxproj", "{2DA16C9D-6002-375F-B3FB-2A03E9651713}"
	ProjectSection(ProjectDependencies) = postProject
		{B6F72BCA-A92D-3E46-8C7E-CFD85EE2BB52} = {B6F72BCA-A92D-3E46-8C7E-CFD85EE2BB52}
		{CD93579E-CD2E-30AE-BAAD-AB4BF0ACD636} = {CD93579E-CD2E-30AE-BAAD-AB4BF0ACD636}
		{4C3A0999-DAF3-324F-BA03-50E2B5CB9889} = {4C3A0999-DAF3-324F-BA03-50E2B5CB9889}
		{8F946655-D6C7-3B84-A541-2BE02A9E436A} = {8F946655-D6C7-3B84-A541-2BE02A9E436A}
		{2CA6FB99-1469-352B-B0F4-BD978F8D128C} = {2CA6FB99-1469-352B-B0F4-BD978F8D128C}
	EndProjectSection
EndProject
Project("{8BC9CEB8-8B4A-11D0-8D11-00A0C91BC942}") = "CSC8503CoreClasses", "CSC8503CoreClasses\CSC8503CoreClasses.vcxproj", "{CD93579E-CD2E-30AE-BAAD-AB4BF0ACD636}"
	ProjectSection(ProjectDependencies) = postProject
		{2CA6FB99-1469-352B-B0F4-BD978F8D128C} = {2CA6FB99-1469-352B-B0F4-BD978F8D128C}
	EndProjectSection
EndProject
Project("{8BC9CEB8-8B4A-11D0-8D11-00A0C91BC942}") = "NCLCoreClasses", "NCLCoreClasses\NCLCoreClasses.vcxproj", "{4C3A0999-DAF3-324F-BA03-50E2B5CB9889}"
	ProjectSection(ProjectDependencies) = postProject
		{2CA6FB99-1469-352B-B0F4-BD978F8D128C} = {2CA6FB99-1469-352B-B0F4-BD978F8D128C}
	EndProjectSection
EndProject
Project("{8BC9CEB8-8B4A-11D0-8D11-00A0C91BC942}") = "OpenGLRendering", "OpenGLRendering\OpenGLRendering.vcxproj", "{8F946655-D6C7-3B84-A541-2BE02A9E436A}"
	ProjectSection(ProjectDependencies) = postProject
		{4C3A0999-DAF3-324F-BA03-50E2B5CB9889} = {4C3A0999-DAF3-324F-BA03-50E2B5CB9889}
		{2CA6FB99-1469-352B-B0F4-BD978F8D128C} = {2CA6FB99-1469-352B-B0F4-BD978F8D128C}
	EndProjectSection
EndProject
Project("{8BC9CEB8-8B4A-11D0-8D11-00A0C91BC942}") = "ZERO_CHECK", "ZERO_CHECK.vcxproj", "{2CA6FB99-1469-352B-B0F4-BD978F8D128C}"
	ProjectSection(ProjectDependencies) = postProject
	EndProjectSection
EndProject
Global
	GlobalSection(SolutionConfigurationPlatforms) = preSolution
		Debug|x64 = Debug|x64
		Release|x64 = Release|x64
	EndGlobalSection
	GlobalSection(ProjectConfigurationPlatforms) = postSolution
		{B6F72BCA-A92D-3E46-8C7E-CFD85EE2BB52}.Debug|x64.ActiveCfg = Debug|x64
		{B6F72BCA-A92D-3E46-8C7E-CFD85EE2BB52}.Debug|x64.Build.0 = Debug|x64
		{B6F72BCA-A92D-3E46-8C7E-CFD85EE2BB52}.Release|x64.ActiveCfg = Release|x64
		{B6F72BCA-A92D-3E46-8C7E-CFD85EE2BB52}.Release|x64.Build.0 = Release|x64
		{2DA16C9D-6002-375F-B3FB-2A03E9651713}.Debug|x64.ActiveCfg = Debug|x64
		{2DA16C9D-6002-375F-B3FB-2A03E9651713}.Release|x64.ActiveCfg = Release|x64
		{CD93579E-CD2E-30AE-BAAD-AB4BF0ACD636}.Debug|x64.ActiveCfg = Debug|x64
		{CD93579E-CD2E-30AE-BAAD-AB4BF0ACD636}.Debug|x64.Build.0 = Debug|x64
		{CD93579E-CD2E-30AE-BAAD-AB4BF0ACD636}.Release|x64.ActiveCfg = Release|x64
		{CD93579E-CD2E-30AE-BAAD-AB4BF0ACD636}.Release|x64.Build.0 = Release|x64
		{4C3A0999-DAF3-324F-BA03-50E2B5CB9889}.Debug|x64.ActiveCfg = Debug|x64
		{4C3A0999-DAF3-324F-BA03-50E2B5CB9889}.Debug|x64.Build.0 = Debug|x64
		{4C3A0999-DAF3-324F-BA03-50E2B5CB9889}.Release|x64.ActiveCfg = Release|x64
		{4C3A0999-DAF3-324F-BA03-50E2B5CB9889}.Release|x64.Build.0 = Release|x64
		{8F946655-D6C7-3B84-A541-2BE02A9E436A}.Debug|x64.ActiveCfg = Debug|x64
		{8F946655-D6C7-3B84-A541-2BE02A9E436A}.Debug|x64.Build.0 = Debug|x64
		{8F946655-D6C7-3B84-A541-2BE02A9E436A}.Release|x64.ActiveCfg = Release|x64
		{8F946655-D6C7-3B84-A541-2BE02A9E436A}.Release|x64.Build.0 = Release|x64
		{2CA6FB99-1469-352B-B0F4-BD978F8D128C}.Debug|x64.ActiveCfg = Debug|x64
		{2CA6FB99-1469-352B-B0F4-BD978F8D128C}.Debug|x64.Build.0 = Debug|x64
		{2CA6FB99-1469-352B-B0F4-BD978F8D128C}.Release|x64.ActiveCfg = Release|x64
		{2CA6FB99-1469-352B-B0F4-BD978F8D128C}.Release|x64.Build.0 = Release|x64
	EndGlobalSection
	GlobalSection(NestedProjects) = preSolution
		{2DA16C9D-6002-375F-B3FB-2A03E9651713} = {10F12341-E4DD-3FA5-9BDF-C370A70AD5D8}
		{2CA6FB99-1469-352B-B0F4-BD978F8D128C} = {10F12341-E4DD-3FA5-9BDF-C370A70AD5D8}
	EndGlobalSection
	GlobalSection(ExtensibilityGlobals) = postSolution
		SolutionGuid = {CD009096-DF9F-305E-8ECF-813EB6F6C33E}
	EndGlobalSection
	GlobalSection(ExtensibilityAddIns) = postSolution
	EndGlobalSection
EndGlobal
