
Microsoft Visual Studio Solution File, Format Version 12.00
# Visual Studio Version 17
Project("{2150E333-8FDC-42A3-9474-1A3956D46DE8}") = "CMakePredefinedTargets", "CMakePredefinedTargets", "{296F94E9-8110-3043-8C18-DB32D2261B6C}"
EndProject
Project("{8BC9CEB8-8B4A-11D0-8D11-00A0C91BC942}") = "CSC8503", "CSC8503\CSC8503.vcxproj", "{DACAD4DF-823F-3B77-BB25-B99B3227A709}"
	ProjectSection(ProjectDependencies) = postProject
		{AAD46FB0-6799-3BDB-A9D0-4E97313ECB59} = {AAD46FB0-6799-3BDB-A9D0-4E97313ECB59}
		{2F07D8FC-9944-3F32-837C-7F053F5BCB6C} = {2F07D8FC-9944-3F32-837C-7F053F5BCB6C}
		{3C2AD4AE-36B0-3A29-BE5A-C51C2BC03591} = {3C2AD4AE-36B0-3A29-BE5A-C51C2BC03591}
		{FE9B2181-E61D-3DB3-AA4D-F51B9F98360C} = {FE9B2181-E61D-3DB3-AA4D-F51B9F98360C}
	EndProjectSection
EndProject
Project("{8BC9CEB8-8B4A-11D0-8D11-00A0C91BC942}") = "ALL_BUILD", "ALL_BUILD.vcxproj", "{C3752377-EF5C-3294-9187-387E99265006}"
	ProjectSection(ProjectDependencies) = postProject
		{DACAD4DF-823F-3B77-BB25-B99B3227A709} = {DACAD4DF-823F-3B77-BB25-B99B3227A709}
		{AAD46FB0-6799-3BDB-A9D0-4E97313ECB59} = {AAD46FB0-6799-3BDB-A9D0-4E97313ECB59}
		{2F07D8FC-9944-3F32-837C-7F053F5BCB6C} = {2F07D8FC-9944-3F32-837C-7F053F5BCB6C}
		{3C2AD4AE-36B0-3A29-BE5A-C51C2BC03591} = {3C2AD4AE-36B0-3A29-BE5A-C51C2BC03591}
		{FE9B2181-E61D-3DB3-AA4D-F51B9F98360C} = {FE9B2181-E61D-3DB3-AA4D-F51B9F98360C}
	EndProjectSection
EndProject
Project("{8BC9CEB8-8B4A-11D0-8D11-00A0C91BC942}") = "CSC8503CoreClasses", "CSC8503CoreClasses\CSC8503CoreClasses.vcxproj", "{AAD46FB0-6799-3BDB-A9D0-4E97313ECB59}"
	ProjectSection(ProjectDependencies) = postProject
		{FE9B2181-E61D-3DB3-AA4D-F51B9F98360C} = {FE9B2181-E61D-3DB3-AA4D-F51B9F98360C}
	EndProjectSection
EndProject
Project("{8BC9CEB8-8B4A-11D0-8D11-00A0C91BC942}") = "NCLCoreClasses", "NCLCoreClasses\NCLCoreClasses.vcxproj", "{2F07D8FC-9944-3F32-837C-7F053F5BCB6C}"
	ProjectSection(ProjectDependencies) = postProject
		{FE9B2181-E61D-3DB3-AA4D-F51B9F98360C} = {FE9B2181-E61D-3DB3-AA4D-F51B9F98360C}
	EndProjectSection
EndProject
Project("{8BC9CEB8-8B4A-11D0-8D11-00A0C91BC942}") = "OpenGLRendering", "OpenGLRendering\OpenGLRendering.vcxproj", "{3C2AD4AE-36B0-3A29-BE5A-C51C2BC03591}"
	ProjectSection(ProjectDependencies) = postProject
		{2F07D8FC-9944-3F32-837C-7F053F5BCB6C} = {2F07D8FC-9944-3F32-837C-7F053F5BCB6C}
		{FE9B2181-E61D-3DB3-AA4D-F51B9F98360C} = {FE9B2181-E61D-3DB3-AA4D-F51B9F98360C}
	EndProjectSection
EndProject
Project("{8BC9CEB8-8B4A-11D0-8D11-00A0C91BC942}") = "ZERO_CHECK", "ZERO_CHECK.vcxproj", "{FE9B2181-E61D-3DB3-AA4D-F51B9F98360C}"
	ProjectSection(ProjectDependencies) = postProject
	EndProjectSection
EndProject
Global
	GlobalSection(SolutionConfigurationPlatforms) = preSolution
		Debug|x64 = Debug|x64
		Release|x64 = Release|x64
	EndGlobalSection
	GlobalSection(ProjectConfigurationPlatforms) = postSolution
		{DACAD4DF-823F-3B77-BB25-B99B3227A709}.Debug|x64.ActiveCfg = Debug|x64
		{DACAD4DF-823F-3B77-BB25-B99B3227A709}.Debug|x64.Build.0 = Debug|x64
		{DACAD4DF-823F-3B77-BB25-B99B3227A709}.Release|x64.ActiveCfg = Release|x64
		{DACAD4DF-823F-3B77-BB25-B99B3227A709}.Release|x64.Build.0 = Release|x64
		{C3752377-EF5C-3294-9187-387E99265006}.Debug|x64.ActiveCfg = Debug|x64
		{C3752377-EF5C-3294-9187-387E99265006}.Release|x64.ActiveCfg = Release|x64
		{AAD46FB0-6799-3BDB-A9D0-4E97313ECB59}.Debug|x64.ActiveCfg = Debug|x64
		{AAD46FB0-6799-3BDB-A9D0-4E97313ECB59}.Debug|x64.Build.0 = Debug|x64
		{AAD46FB0-6799-3BDB-A9D0-4E97313ECB59}.Release|x64.ActiveCfg = Release|x64
		{AAD46FB0-6799-3BDB-A9D0-4E97313ECB59}.Release|x64.Build.0 = Release|x64
		{2F07D8FC-9944-3F32-837C-7F053F5BCB6C}.Debug|x64.ActiveCfg = Debug|x64
		{2F07D8FC-9944-3F32-837C-7F053F5BCB6C}.Debug|x64.Build.0 = Debug|x64
		{2F07D8FC-9944-3F32-837C-7F053F5BCB6C}.Release|x64.ActiveCfg = Release|x64
		{2F07D8FC-9944-3F32-837C-7F053F5BCB6C}.Release|x64.Build.0 = Release|x64
		{3C2AD4AE-36B0-3A29-BE5A-C51C2BC03591}.Debug|x64.ActiveCfg = Debug|x64
		{3C2AD4AE-36B0-3A29-BE5A-C51C2BC03591}.Debug|x64.Build.0 = Debug|x64
		{3C2AD4AE-36B0-3A29-BE5A-C51C2BC03591}.Release|x64.ActiveCfg = Release|x64
		{3C2AD4AE-36B0-3A29-BE5A-C51C2BC03591}.Release|x64.Build.0 = Release|x64
		{FE9B2181-E61D-3DB3-AA4D-F51B9F98360C}.Debug|x64.ActiveCfg = Debug|x64
		{FE9B2181-E61D-3DB3-AA4D-F51B9F98360C}.Debug|x64.Build.0 = Debug|x64
		{FE9B2181-E61D-3DB3-AA4D-F51B9F98360C}.Release|x64.ActiveCfg = Release|x64
		{FE9B2181-E61D-3DB3-AA4D-F51B9F98360C}.Release|x64.Build.0 = Release|x64
	EndGlobalSection
	GlobalSection(NestedProjects) = preSolution
		{C3752377-EF5C-3294-9187-387E99265006} = {296F94E9-8110-3043-8C18-DB32D2261B6C}
		{FE9B2181-E61D-3DB3-AA4D-F51B9F98360C} = {296F94E9-8110-3043-8C18-DB32D2261B6C}
	EndGlobalSection
	GlobalSection(ExtensibilityGlobals) = postSolution
		SolutionGuid = {E4ED94E9-5F4F-3ED8-A517-916C50DB6676}
	EndGlobalSection
	GlobalSection(ExtensibilityAddIns) = postSolution
	EndGlobalSection
EndGlobal
